
Microsoft Visual Studio Solution File, Format Version 12.00
# Visual Studio Version 18
VisualStudioVersion = 18.0.11109.219
MinimumVisualStudioVersion = 10.0.40219.1
Project("{2150E333-8FDC-42A3-9474-1A3956D46DE8}") = "test", "test", "{ABF4CAFE-AAA7-4FCF-B0EE-58B438E6784F}"
EndProject
Project("{8BC9CEB8-8B4A-11D0-8D11-00A0C91BC942}") = "test_difference", "project\test\test_difference\test_difference.vcxproj", "{FB6AE64D-2628-434A-B324-B64533E06795}"
EndProject
Project("{8BC9CEB8-8B4A-11D0-8D11-00A0C91BC942}") = "test_integral", "project\test\test_integral\test_integral.vcxproj", "{85F59F8B-8A82-479B-86EE-6971B2757801}"
EndProject
Project("{8BC9CEB8-8B4A-11D0-8D11-00A0C91BC942}") = "test_interp", "project\test\test_interp\test_interp.vcxproj", "{4A094E2C-8641-40D5-A352-1F125EAE6D54}"
EndProject
Project("{8BC9CEB8-8B4A-11D0-8D11-00A0C91BC942}") = "test_matrix", "project\test\test_matrix\test_matrix.vcxproj", "{E487B748-8407-4D20-B9A2-93AC55A18389}"
EndProject
Project("{8BC9CEB8-8B4A-11D0-8D11-00A0C91BC942}") = "test_signal", "project\test\test_signal\test_signal.vcxproj", "{70D46674-BAB8-464A-9C4A-DBCEBE1C3DD6}"
EndProject
Project("{8BC9CEB8-8B4A-11D0-8D11-00A0C91BC942}") = "test_polynomial", "project\test\test_polynomial\test_polynomial.vcxproj", "{D31830D6-2746-4DBF-BDA2-4DCC771DF207}"
EndProject
Project("{8BC9CEB8-8B4A-11D0-8D11-00A0C91BC942}") = "msl", "project\msl\msl.vcxproj", "{8DCF6C43-1691-40E7-B0D4-7274A7FE0029}"
EndProject
Project("{8BC9CEB8-8B4A-11D0-8D11-00A0C91BC942}") = "test_equation", "project\test\test_equation\test_equation.vcxproj", "{899F14CF-6445-498D-AF3C-E732E892B60E}"
EndProject
Project("{8BC9CEB8-8B4A-11D0-8D11-00A0C91BC942}") = "test_ode", "project\test\test_ode\test_ode.vcxproj", "{836BBC54-5B15-4F81-ADE2-A7D3161DBE42}"
EndProject
Global
	GlobalSection(SolutionConfigurationPlatforms) = preSolution
		Debug|x64 = Debug|x64
		Debug|x86 = Debug|x86
		Release|x64 = Release|x64
		Release|x86 = Release|x86
	EndGlobalSection
	GlobalSection(ProjectConfigurationPlatforms) = postSolution
		{FB6AE64D-2628-434A-B324-B64533E06795}.Debug|x64.ActiveCfg = Debug|x64
		{FB6AE64D-2628-434A-B324-B64533E06795}.Debug|x64.Build.0 = Debug|x64
		{FB6AE64D-2628-434A-B324-B64533E06795}.Debug|x86.ActiveCfg = Debug|Win32
		{FB6AE64D-2628-434A-B324-B64533E06795}.Debug|x86.Build.0 = Debug|Win32
		{FB6AE64D-2628-434A-B324-B64533E06795}.Release|x64.ActiveCfg = Release|x64
		{FB6AE64D-2628-434A-B324-B64533E06795}.Release|x64.Build.0 = Release|x64
		{FB6AE64D-2628-434A-B324-B64533E06795}.Release|x86.ActiveCfg = Release|Win32
		{FB6AE64D-2628-434A-B324-B64533E06795}.Release|x86.Build.0 = Release|Win32
		{85F59F8B-8A82-479B-86EE-6971B2757801}.Debug|x64.ActiveCfg = Debug|x64
		{85F59F8B-8A82-479B-86EE-6971B2757801}.Debug|x64.Build.0 = Debug|x64
		{85F59F8B-8A82-479B-86EE-6971B2757801}.Debug|x86.ActiveCfg = Debug|Win32
		{85F59F8B-8A82-479B-86EE-6971B2757801}.Debug|x86.Build.0 = Debug|Win32
		{85F59F8B-8A82-479B-86EE-6971B2757801}.Release|x64.ActiveCfg = Release|x64
		{85F59F8B-8A82-479B-86EE-6971B2757801}.Release|x64.Build.0 = Release|x64
		{85F59F8B-8A82-479B-86EE-6971B2757801}.Release|x86.ActiveCfg = Release|Win32
		{85F59F8B-8A82-479B-86EE-6971B2757801}.Release|x86.Build.0 = Release|Win32
		{4A094E2C-8641-40D5-A352-1F125EAE6D54}.Debug|x64.ActiveCfg = Debug|x64
		{4A094E2C-8641-40D5-A352-1F125EAE6D54}.Debug|x64.Build.0 = Debug|x64
		{4A094E2C-8641-40D5-A352-1F125EAE6D54}.Debug|x86.ActiveCfg = Debug|Win32
		{4A094E2C-8641-40D5-A352-1F125EAE6D54}.Debug|x86.Build.0 = Debug|Win32
		{4A094E2C-8641-40D5-A352-1F125EAE6D54}.Release|x64.ActiveCfg = Release|x64
		{4A094E2C-8641-40D5-A352-1F125EAE6D54}.Release|x64.Build.0 = Release|x64
		{4A094E2C-8641-40D5-A352-1F125EAE6D54}.Release|x86.ActiveCfg = Release|Win32
		{4A094E2C-8641-40D5-A352-1F125EAE6D54}.Release|x86.Build.0 = Release|Win32
		{E487B748-8407-4D20-B9A2-93AC55A18389}.Debug|x64.ActiveCfg = Debug|x64
		{E487B748-8407-4D20-B9A2-93AC55A18389}.Debug|x64.Build.0 = Debug|x64
		{E487B748-8407-4D20-B9A2-93AC55A18389}.Debug|x86.ActiveCfg = Debug|Win32
		{E487B748-8407-4D20-B9A2-93AC55A18389}.Debug|x86.Build.0 = Debug|Win32
		{E487B748-8407-4D20-B9A2-93AC55A18389}.Release|x64.ActiveCfg = Release|x64
		{E487B748-8407-4D20-B9A2-93AC55A18389}.Release|x64.Build.0 = Release|x64
		{E487B748-8407-4D20-B9A2-93AC55A18389}.Release|x86.ActiveCfg = Release|Win32
		{E487B748-8407-4D20-B9A2-93AC55A18389}.Release|x86.Build.0 = Release|Win32
		{70D46674-BAB8-464A-9C4A-DBCEBE1C3DD6}.Debug|x64.ActiveCfg = Debug|x64
		{70D46674-BAB8-464A-9C4A-DBCEBE1C3DD6}.Debug|x64.Build.0 = Debug|x64
		{70D46674-BAB8-464A-9C4A-DBCEBE1C3DD6}.Debug|x86.ActiveCfg = Debug|Win32
		{70D46674-BAB8-464A-9C4A-DBCEBE1C3DD6}.Debug|x86.Build.0 = Debug|Win32
		{70D46674-BAB8-464A-9C4A-DBCEBE1C3DD6}.Release|x64.ActiveCfg = Release|x64
		{70D46674-BAB8-464A-9C4A-DBCEBE1C3DD6}.Release|x64.Build.0 = Release|x64
		{70D46674-BAB8-464A-9C4A-DBCEBE1C3DD6}.Release|x86.ActiveCfg = Release|Win32
		{70D46674-BAB8-464A-9C4A-DBCEBE1C3DD6}.Release|x86.Build.0 = Release|Win32
		{D31830D6-2746-4DBF-BDA2-4DCC771DF207}.Debug|x64.ActiveCfg = Debug|x64
		{D31830D6-2746-4DBF-BDA2-4DCC771DF207}.Debug|x64.Build.0 = Debug|x64
		{D31830D6-2746-4DBF-BDA2-4DCC771DF207}.Debug|x86.ActiveCfg = Debug|Win32
		{D31830D6-2746-4DBF-BDA2-4DCC771DF207}.Debug|x86.Build.0 = Debug|Win32
		{D31830D6-2746-4DBF-BDA2-4DCC771DF207}.Release|x64.ActiveCfg = Release|x64
		{D31830D6-2746-4DBF-BDA2-4DCC771DF207}.Release|x64.Build.0 = Release|x64
		{D31830D6-2746-4DBF-BDA2-4DCC771DF207}.Release|x86.ActiveCfg = Release|Win32
		{D31830D6-2746-4DBF-BDA2-4DCC771DF207}.Release|x86.Build.0 = Release|Win32
		{8DCF6C43-1691-40E7-B0D4-7274A7FE0029}.Debug|x64.ActiveCfg = Debug|x64
		{8DCF6C43-1691-40E7-B0D4-7274A7FE0029}.Debug|x64.Build.0 = Debug|x64
		{8DCF6C43-1691-40E7-B0D4-7274A7FE0029}.Debug|x86.ActiveCfg = Debug|Win32
		{8DCF6C43-1691-40E7-B0D4-7274A7FE0029}.Debug|x86.Build.0 = Debug|Win32
		{8DCF6C43-1691-40E7-B0D4-7274A7FE0029}.Release|x64.ActiveCfg = Release|x64
		{8DCF6C43-1691-40E7-B0D4-7274A7FE0029}.Release|x64.Build.0 = Release|x64
		{8DCF6C43-1691-40E7-B0D4-7274A7FE0029}.Release|x86.ActiveCfg = Release|Win32
		{8DCF6C43-1691-40E7-B0D4-7274A7FE0029}.Release|x86.Build.0 = Release|Win32
		{899F14CF-6445-498D-AF3C-E732E892B60E}.Debug|x64.ActiveCfg = Debug|x64
		{899F14CF-6445-498D-AF3C-E732E892B60E}.Debug|x64.Build.0 = Debug|x64
		{899F14CF-6445-498D-AF3C-E732E892B60E}.Debug|x86.ActiveCfg = Debug|Win32
		{899F14CF-6445-498D-AF3C-E732E892B60E}.Debug|x86.Build.0 = Debug|Win32
		{899F14CF-6445-498D-AF3C-E732E892B60E}.Release|x64.ActiveCfg = Release|x64
		{899F14CF-6445-498D-AF3C-E732E892B60E}.Release|x64.Build.0 = Release|x64
		{899F14CF-6445-498D-AF3C-E732E892B60E}.Release|x86.ActiveCfg = Release|Win32
		{899F14CF-6445-498D-AF3C-E732E892B60E}.Release|x86.Build.0 = Release|Win32
		{836BBC54-5B15-4F81-ADE2-A7D3161DBE42}.Debug|x64.ActiveCfg = Debug|x64
		{836BBC54-5B15-4F81-ADE2-A7D3161DBE42}.Debug|x64.Build.0 = Debug|x64
		{836BBC54-5B15-4F81-ADE2-A7D3161DBE42}.Debug|x86.ActiveCfg = Debug|Win32
		{836BBC54-5B15-4F81-ADE2-A7D3161DBE42}.Debug|x86.Build.0 = Debug|Win32
		{836BBC54-5B15-4F81-ADE2-A7D3161DBE42}.Release|x64.ActiveCfg = Release|x64
		{836BBC54-5B15-4F81-ADE2-A7D3161DBE42}.Release|x64.Build.0 = Release|x64
		{836BBC54-5B15-4F81-ADE2-A7D3161DBE42}.Release|x86.ActiveCfg = Release|Win32
		{836BBC54-5B15-4F81-ADE2-A7D3161DBE42}.Release|x86.Build.0 = Release|Win32
	EndGlobalSection
	GlobalSection(SolutionProperties) = preSolution
		HideSolutionNode = FALSE
	EndGlobalSection
	GlobalSection(NestedProjects) = preSolution
		{FB6AE64D-2628-434A-B324-B64533E06795} = {ABF4CAFE-AAA7-4FCF-B0EE-58B438E6784F}
		{85F59F8B-8A82-479B-86EE-6971B2757801} = {ABF4CAFE-AAA7-4FCF-B0EE-58B438E6784F}
		{4A094E2C-8641-40D5-A352-1F125EAE6D54} = {ABF4CAFE-AAA7-4FCF-B0EE-58B438E6784F}
		{E487B748-8407-4D20-B9A2-93AC55A18389} = {ABF4CAFE-AAA7-4FCF-B0EE-58B438E6784F}
		{70D46674-BAB8-464A-9C4A-DBCEBE1C3DD6} = {ABF4CAFE-AAA7-4FCF-B0EE-58B438E6784F}
		{D31830D6-2746-4DBF-BDA2-4DCC771DF207} = {ABF4CAFE-AAA7-4FCF-B0EE-58B438E6784F}
		{899F14CF-6445-498D-AF3C-E732E892B60E} = {ABF4CAFE-AAA7-4FCF-B0EE-58B438E6784F}
		{836BBC54-5B15-4F81-ADE2-A7D3161DBE42} = {ABF4CAFE-AAA7-4FCF-B0EE-58B438E6784F}
	EndGlobalSection
	GlobalSection(ExtensibilityGlobals) = postSolution
		SolutionGuid = {2F884CC7-E333-449A-B36D-790AE6F3DA01}
	EndGlobalSection
EndGlobal
