<?xml version="1.0" encoding="utf-8"?>
<Project ToolsVersion="4.0" xmlns="http://schemas.microsoft.com/developer/msbuild/2003">
  <ItemGroup>
    <Filter Include="头文件">
      <UniqueIdentifier>{93995380-89BD-4b04-88EB-625FBE52EBFB}</UniqueIdentifier>
      <Extensions>h;hh;hpp;hxx;h++;hm;inl;inc;ipp;xsd</Extensions>
    </Filter>
    <Filter Include="资源文件">
      <UniqueIdentifier>{67DA6AB6-F800-4c08-8B7A-83BB121AAD01}</UniqueIdentifier>
      <Extensions>rc;ico;cur;bmp;dlg;rc2;rct;bin;rgs;gif;jpg;jpeg;jpe;resx;tiff;tif;png;wav;mfcribbon-ms</Extensions>
    </Filter>
    <Filter Include="头文件\difference">
      <UniqueIdentifier>{e84c0512-e396-4d77-9005-2bfec8f6ffd0}</UniqueIdentifier>
    </Filter>
    <Filter Include="头文件\equation">
      <UniqueIdentifier>{ba83a175-c1cd-4790-8977-4265248ec05e}</UniqueIdentifier>
    </Filter>
    <Filter Include="头文件\integral">
      <UniqueIdentifier>{4672ce17-2a7f-4482-a0ec-7e444252671f}</UniqueIdentifier>
    </Filter>
    <Filter Include="头文件\interp">
      <UniqueIdentifier>{bb87c496-50c0-4e8a-870b-6395a5da6872}</UniqueIdentifier>
    </Filter>
    <Filter Include="头文件\matrix">
      <UniqueIdentifier>{25916604-7a5c-4b71-b870-7333241ea0f7}</UniqueIdentifier>
    </Filter>
    <Filter Include="头文件\ode">
      <UniqueIdentifier>{32cc89d7-0ea1-44c6-aedf-440326bdc088}</UniqueIdentifier>
    </Filter>
    <Filter Include="头文件\ode\detail">
      <UniqueIdentifier>{090f6cf4-987f-4180-9c8c-6e1ff640b2f1}</UniqueIdentifier>
    </Filter>
    <Filter Include="头文件\polynomial">
      <UniqueIdentifier>{af0615d4-8c67-40ab-9b28-66ea7e26060f}</UniqueIdentifier>
    </Filter>
    <Filter Include="头文件\signal">
      <UniqueIdentifier>{4d999482-f50d-454b-bc17-a711d3fbf029}</UniqueIdentifier>
    </Filter>
    <Filter Include="头文件\utils">
      <UniqueIdentifier>{ece8b241-4e33-4559-b090-09c7a37df956}</UniqueIdentifier>
    </Filter>
  </ItemGroup>
  <ItemGroup>
    <ClInclude Include="..\..\include\msl\equation.hpp">
      <Filter>头文件</Filter>
    </ClInclude>
    <ClInclude Include="..\..\include\msl\integral.hpp">
      <Filter>头文件</Filter>
    </ClInclude>
    <ClInclude Include="..\..\include\msl\difference\difference.hpp">
      <Filter>头文件\difference</Filter>
    </ClInclude>
    <ClInclude Include="..\..\include\msl\equation\bisection.hpp">
      <Filter>头文件\equation</Filter>
    </ClInclude>
    <ClInclude Include="..\..\include\msl\equation\brent.hpp">
      <Filter>头文件\equation</Filter>
    </ClInclude>
    <ClInclude Include="..\..\include\msl\equation\newton.hpp">
      <Filter>头文件\equation</Filter>
    </ClInclude>
    <ClInclude Include="..\..\include\msl\equation\regula_falsi.hpp">
      <Filter>头文件\equation</Filter>
    </ClInclude>
    <ClInclude Include="..\..\include\msl\equation\root_options.hpp">
      <Filter>头文件\equation</Filter>
    </ClInclude>
    <ClInclude Include="..\..\include\msl\equation\root_result.hpp">
      <Filter>头文件\equation</Filter>
    </ClInclude>
    <ClInclude Include="..\..\include\msl\equation\secant.hpp">
      <Filter>头文件\equation</Filter>
    </ClInclude>
    <ClInclude Include="..\..\include\msl\integral\adaptive_simpson.hpp">
      <Filter>头文件\integral</Filter>
    </ClInclude>
    <ClInclude Include="..\..\include\msl\integral\romberg.hpp">
      <Filter>头文件\integral</Filter>
    </ClInclude>
    <ClInclude Include="..\..\include\msl\integral\simpson.hpp">
      <Filter>头文件\integral</Filter>
    </ClInclude>
    <ClInclude Include="..\..\include\msl\integral\trapz.hpp">
      <Filter>头文件\integral</Filter>
    </ClInclude>
    <ClInclude Include="..\..\include\msl\interp\interp_1d_akima.hpp">
      <Filter>头文件\interp</Filter>
    </ClInclude>
    <ClInclude Include="..\..\include\msl\interp\interp_1d_base.hpp">
      <Filter>头文件\interp</Filter>
    </ClInclude>
    <ClInclude Include="..\..\include\msl\interp\interp_1d_cubic.hpp">
      <Filter>头文件\interp</Filter>
    </ClInclude>
    <ClInclude Include="..\..\include\msl\interp\interp_1d_linear.hpp">
      <Filter>头文件\interp</Filter>
    </ClInclude>
    <ClInclude Include="..\..\include\msl\interp\interp_1d_near.hpp">
      <Filter>头文件\interp</Filter>
    </ClInclude>
    <ClInclude Include="..\..\include\msl\interp\interp_1d_pchip.hpp">
      <Filter>头文件\interp</Filter>
    </ClInclude>
    <ClInclude Include="..\..\include\msl\interp\interp_1d_polynomial.hpp">
      <Filter>头文件\interp</Filter>
    </ClInclude>
    <ClInclude Include="..\..\include\msl\matrix\complex_matrix_view.hpp">
      <Filter>头文件\matrix</Filter>
    </ClInclude>
    <ClInclude Include="..\..\include\msl\matrix\complex_matrix_base.hpp">
      <Filter>头文件\matrix</Filter>
    </ClInclude>
    <ClInclude Include="..\..\include\msl\matrix\complex_matrix_owned.hpp">
      <Filter>头文件\matrix</Filter>
    </ClInclude>
    <ClInclude Include="..\..\include\msl\matrix\eigen_interface.hpp">
      <Filter>头文件\matrix</Filter>
    </ClInclude>
    <ClInclude Include="..\..\include\msl\matrix\matrix_operation.hpp">
      <Filter>头文件\matrix</Filter>
    </ClInclude>
    <ClInclude Include="..\..\include\msl\matrix\matrix_conversion.hpp">
      <Filter>头文件\matrix</Filter>
    </ClInclude>
    <ClInclude Include="..\..\include\msl\matrix\martrix_decompose.hpp">
      <Filter>头文件\matrix</Filter>
    </ClInclude>
    <ClInclude Include="..\..\include\msl\matrix\real_matrix_view.hpp">
      <Filter>头文件\matrix</Filter>
    </ClInclude>
    <ClInclude Include="..\..\include\msl\matrix\real_matrix_owned.hpp">
      <Filter>头文件\matrix</Filter>
    </ClInclude>
    <ClInclude Include="..\..\include\msl\matrix\real_matrix_base.hpp">
      <Filter>头文件\matrix</Filter>
    </ClInclude>
    <ClInclude Include="..\..\include\msl\ode\euler.hpp">
      <Filter>头文件\ode</Filter>
    </ClInclude>
    <ClInclude Include="..\..\include\msl\ode\heun.hpp">
      <Filter>头文件\ode</Filter>
    </ClInclude>
    <ClInclude Include="..\..\include\msl\ode\ode_options.hpp">
      <Filter>头文件\ode</Filter>
    </ClInclude>
    <ClInclude Include="..\..\include\msl\ode\ode_result.hpp">
      <Filter>头文件\ode</Filter>
    </ClInclude>
    <ClInclude Include="..\..\include\msl\ode\ode45.hpp">
      <Filter>头文件\ode</Filter>
    </ClInclude>
    <ClInclude Include="..\..\include\msl\ode\rk4.hpp">
      <Filter>头文件\ode</Filter>
    </ClInclude>
    <ClInclude Include="..\..\include\msl\ode\detail\state_ops.hpp">
      <Filter>头文件\ode\detail</Filter>
    </ClInclude>
    <ClInclude Include="..\..\include\msl\ode\detail\fixed_step.hpp">
      <Filter>头文件\ode\detail</Filter>
    </ClInclude>
    <ClInclude Include="..\..\include\msl\polynomial\polynomial.hpp">
      <Filter>头文件\polynomial</Filter>
    </ClInclude>
    <ClInclude Include="..\..\include\msl\signal\butterworth_filter.hpp">
      <Filter>头文件\signal</Filter>
    </ClInclude>
    <ClInclude Include="..\..\include\msl\signal\cross_covariance.hpp">
      <Filter>头文件\signal</Filter>
    </ClInclude>
    <ClInclude Include="..\..\include\msl\signal\detrend.hpp">
      <Filter>头文件\signal</Filter>
    </ClInclude>
    <ClInclude Include="..\..\include\msl\signal\fft.hpp">
      <Filter>头文件\signal</Filter>
    </ClInclude>
    <ClInclude Include="..\..\include\msl\signal\filter_design.hpp">
      <Filter>头文件\signal</Filter>
    </ClInclude>
    <ClInclude Include="..\..\include\msl\signal\filter.hpp">
      <Filter>头文件\signal</Filter>
    </ClInclude>
    <ClInclude Include="..\..\include\msl\signal\filtfilt.hpp">
      <Filter>头文件\signal</Filter>
    </ClInclude>
    <ClInclude Include="..\..\include\msl\signal\fourier_domain_filter.hpp">
      <Filter>头文件\signal</Filter>
    </ClInclude>
    <ClInclude Include="..\..\include\msl\signal\power_spectral_density.hpp">
      <Filter>头文件\signal</Filter>
    </ClInclude>
    <ClInclude Include="..\..\include\msl\signal\window.hpp">
      <Filter>头文件\signal</Filter>
    </ClInclude>
    <ClInclude Include="..\..\include\msl\utils\data_io.hpp">
      <Filter>头文件\utils</Filter>
    </ClInclude>
    <ClInclude Include="..\..\include\msl\utils\msl_assert.hpp">
      <Filter>头文件\utils</Filter>
    </ClInclude>
    <ClInclude Include="..\..\include\msl\difference.hpp">
      <Filter>头文件</Filter>
    </ClInclude>
    <ClInclude Include="..\..\include\msl\interp.hpp">
      <Filter>头文件</Filter>
    </ClInclude>
    <ClInclude Include="..\..\include\msl\matrix.hpp">
      <Filter>头文件</Filter>
    </ClInclude>
    <ClInclude Include="..\..\include\msl\signal.hpp">
      <Filter>头文件</Filter>
    </ClInclude>
    <ClInclude Include="..\..\include\msl\polynomial.hpp">
      <Filter>头文件</Filter>
    </ClInclude>
    <ClInclude Include="..\..\include\msl\ode.hpp">
      <Filter>头文件</Filter>
    </ClInclude>
  </ItemGroup>
</Project>